// !$*UTF8*$!
{
	archiveVersion = 1;
	classes = {
	};
	objectVersion = 50;
	objects = {

/* Begin PBXBuildFile section */
		F15429E722818FE20015ED2C /* AppDelegate.swift in Sources */ = {isa = PBXBuildFile; fileRef = F15429E622818FE20015ED2C /* AppDelegate.swift */; };
		F15429E922818FE20015ED2C /* ViewController.swift in Sources */ = {isa = PBXBuildFile; fileRef = F15429E822818FE20015ED2C /* ViewController.swift */; };
		F15429EC22818FE20015ED2C /* Main.storyboard in Resources */ = {isa = PBXBuildFile; fileRef = F15429EA22818FE20015ED2C /* Main.storyboard */; };
		F15429EF22818FE20015ED2C /* comp228ass.xcdatamodeld in Sources */ = {isa = PBXBuildFile; fileRef = F15429ED22818FE20015ED2C /* comp228ass.xcdatamodeld */; };
		F15429F122818FE30015ED2C /* Assets.xcassets in Resources */ = {isa = PBXBuildFile; fileRef = F15429F022818FE30015ED2C /* Assets.xcassets */; };
		F15429F422818FE30015ED2C /* LaunchScreen.storyboard in Resources */ = {isa = PBXBuildFile; fileRef = F15429F222818FE30015ED2C /* LaunchScreen.storyboard */; };
		F1542A03228197450015ED2C /* detailsViewController.swift in Sources */ = {isa = PBXBuildFile; fileRef = F1542A02228197450015ED2C /* detailsViewController.swift */; };
		F1542A052281994E0015ED2C /* pinsCollection.swift in Sources */ = {isa = PBXBuildFile; fileRef = F1542A042281994E0015ED2C /* pinsCollection.swift */; };
/* End PBXBuildFile section */

/* Begin PBXFileReference section */
		F15429E322818FE20015ED2C /* comp228ass.app */ = {isa = PBXFileReference; explicitFileType = wrapper.application; includeInIndex = 0; path = comp228ass.app; sourceTree = BUILT_PRODUCTS_DIR; };
		F15429E622818FE20015ED2C /* AppDelegate.swift */ = {isa = PBXFileReference; lastKnownFileType = sourcecode.swift; path = AppDelegate.swift; sourceTree = "<group>"; };
		F15429E822818FE20015ED2C /* ViewController.swift */ = {isa = PBXFileReference; lastKnownFileType = sourcecode.swift; path = ViewController.swift; sourceTree = "<group>"; };
		F15429EB22818FE20015ED2C /* Base */ = {isa = PBXFileReference; lastKnownFileType = file.storyboard; name = Base; path = Base.lproj/Main.storyboard; sourceTree = "<group>"; };
		F15429EE22818FE20015ED2C /* comp228ass.xcdatamodel */ = {isa = PBXFileReference; lastKnownFileType = wrapper.xcdatamodel; path = comp228ass.xcdatamodel; sourceTree = "<group>"; };
		F15429F022818FE30015ED2C /* Assets.xcassets */ = {isa = PBXFileReference; lastKnownFileType = folder.assetcatalog; path = Assets.xcassets; sourceTree = "<group>"; };
		F15429F322818FE30015ED2C /* Base */ = {isa = PBXFileReference; lastKnownFileType = file.storyboard; name = Base; path = Base.lproj/LaunchScreen.storyboard; sourceTree = "<group>"; };
		F15429F522818FE30015ED2C /* Info.plist */ = {isa = PBXFileReference; lastKnownFileType = text.plist.xml; path = Info.plist; sourceTree = "<group>"; };
		F1542A01228194CB0015ED2C /* AshtonBuilding.gpx */ = {isa = PBXFileReference; lastKnownFileType = text.xml; path = AshtonBuilding.gpx; sourceTree = "<group>"; };
		F1542A02228197450015ED2C /* detailsViewController.swift */ = {isa = PBXFileReference; lastKnownFileType = sourcecode.swift; path = detailsViewController.swift; sourceTree = "<group>"; };
		F1542A042281994E0015ED2C /* pinsCollection.swift */ = {isa = PBXFileReference; lastKnownFileType = sourcecode.swift; path = pinsCollection.swift; sourceTree = "<group>"; };
/* End PBXFileReference section */

/* Begin PBXFrameworksBuildPhase section */
		F15429E022818FE20015ED2C /* Frameworks */ = {
			isa = PBXFrameworksBuildPhase;
			buildActionMask = 2147483647;
			files = (
			);
			runOnlyForDeploymentPostprocessing = 0;
		};
/* End PBXFrameworksBuildPhase section */

/* Begin PBXGroup section */
		F15429DA22818FE20015ED2C = {
			isa = PBXGroup;
			children = (
				F1542A01228194CB0015ED2C /* AshtonBuilding.gpx */,
				F15429E522818FE20015ED2C /* comp228ass */,
				F15429E422818FE20015ED2C /* Products */,
			);
			sourceTree = "<group>";
		};
		F15429E422818FE20015ED2C /* Products */ = {
			isa = PBXGroup;
			children = (
				F15429E322818FE20015ED2C /* comp228ass.app */,
			);
			name = Products;
			sourceTree = "<group>";
		};
		F15429E522818FE20015ED2C /* comp228ass */ = {
			isa = PBXGroup;
			children = (
				F15429E622818FE20015ED2C /* AppDelegate.swift */,
				F15429E822818FE20015ED2C /* ViewController.swift */,
				F15429EA22818FE20015ED2C /* Main.storyboard */,
				F15429F022818FE30015ED2C /* Assets.xcassets */,
				F15429F222818FE30015ED2C /* LaunchScreen.storyboard */,
				F15429F522818FE30015ED2C /* Info.plist */,
				F15429ED22818FE20015ED2C /* comp228ass.xcdatamodeld */,
				F1542A02228197450015ED2C /* detailsViewController.swift */,
				F1542A042281994E0015ED2C /* pinsCollection.swift */,
			);
			path = comp228ass;
			sourceTree = "<group>";
		};
/* End PBXGroup section */

/* Begin PBXNativeTarget section */
		F15429E222818FE20015ED2C /* comp228ass */ = {
			isa = PBXNativeTarget;
			buildConfigurationList = F15429F822818FE30015ED2C /* Build configuration list for PBXNativeTarget "comp228ass" */;
			buildPhases = (
				F15429DF22818FE20015ED2C /* Sources */,
				F15429E022818FE20015ED2C /* Frameworks */,
				F15429E122818FE20015ED2C /* Resources */,
			);
			buildRules = (
			);
			dependencies = (
			);
			name = comp228ass;
			productName = comp228ass;
			productReference = F15429E322818FE20015ED2C /* comp228ass.app */;
			productType = "com.apple.product-type.application";
		};
/* End PBXNativeTarget section */

/* Begin PBXProject section */
		F15429DB22818FE20015ED2C /* Project object */ = {
			isa = PBXProject;
			attributes = {
				LastSwiftUpdateCheck = 1020;
				LastUpgradeCheck = 1020;
				ORGANIZATIONNAME = "Zhouzhe Wu";
				TargetAttributes = {
					F15429E222818FE20015ED2C = {
						CreatedOnToolsVersion = 10.2.1;
					};
				};
			};
			buildConfigurationList = F15429DE22818FE20015ED2C /* Build configuration list for PBXProject "comp228ass" */;
			compatibilityVersion = "Xcode 9.3";
			developmentRegion = en;
			hasScannedForEncodings = 0;
			knownRegions = (
				en,
				Base,
			);
			mainGroup = F15429DA22818FE20015ED2C;
			productRefGroup = F15429E422818FE20015ED2C /* Products */;
			projectDirPath = "";
			projectRoot = "";
			targets = (
				F15429E222818FE20015ED2C /* comp228ass */,
			);
		};
/* End PBXProject section */

/* Begin PBXResourcesBuildPhase section */
		F15429E122818FE20015ED2C /* Resources */ = {
			isa = PBXResourcesBuildPhase;
			buildActionMask = 2147483647;
			files = (
				F15429F422818FE30015ED2C /* LaunchScreen.storyboard in Resources */,
				F15429F122818FE30015ED2C /* Assets.xcassets in Resources */,
				F15429EC22818FE20015ED2C /* Main.storyboard in Resources */,
			);
			runOnlyForDeploymentPostprocessing = 0;
		};
/* End PBXResourcesBuildPhase section */

/* Begin PBXSourcesBuildPhase section */
		F15429DF22818FE20015ED2C /* Sources */ = {
			isa = PBXSourcesBuildPhase;
			buildActionMask = 2147483647;
			files = (
				F1542A052281994E0015ED2C /* pinsCollection.swift in Sources */,
				F15429EF22818FE20015ED2C /* comp228ass.xcdatamodeld in Sources */,
				F15429E922818FE20015ED2C /* ViewController.swift in Sources */,
				F15429E722818FE20015ED2C /* AppDelegate.swift in Sources */,
				F1542A03228197450015ED2C /* detailsViewController.swift in Sources */,
			);
			runOnlyForDeploymentPostprocessing = 0;
		};
/* End PBXSourcesBuildPhase section */

/* Begin PBXVariantGroup section */
		F15429EA22818FE20015ED2C /* Main.storyboard */ = {
			isa = PBXVariantGroup;
			children = (
				F15429EB22818FE20015ED2C /* Base */,
			);
			name = Main.storyboard;
			sourceTree = "<group>";
		};
		F15429F222818FE30015ED2C /* LaunchScreen.storyboard */ = {
			isa = PBXVariantGroup;
			children = (
				F15429F322818FE30015ED2C /* Base */,
			);
			name = LaunchScreen.storyboard;
			sourceTree = "<group>";
		};
/* End PBXVariantGroup section */

/* Begin XCBuildConfiguration section */
		F15429F622818FE30015ED2C /* Debug */ = {
			isa = XCBuildConfiguration;
			buildSettings = {
				ALWAYS_SEARCH_USER_PATHS = NO;
				CLANG_ANALYZER_NONNULL = YES;
				CLANG_ANALYZER_NUMBER_OBJECT_CONVERSION = YES_AGGRESSIVE;
				CLANG_CXX_LANGUAGE_STANDARD = "gnu++14";
				CLANG_CXX_LIBRARY = "libc++";
				CLANG_ENABLE_MODULES = YES;
				CLANG_ENABLE_OBJC_ARC = YES;
				CLANG_ENABLE_OBJC_WEAK = YES;
				CLANG_WARN_BLOCK_CAPTURE_AUTORELEASING = YES;
				CLANG_WARN_BOOL_CONVERSION = YES;
				CLANG_WARN_COMMA = YES;
				CLANG_WARN_CONSTANT_CONVERSION = YES;
				CLANG_WARN_DEPRECATED_OBJC_IMPLEMENTATIONS = YES;
				CLANG_WARN_DIRECT_OBJC_ISA_USAGE = YES_ERROR;
				CLANG_WARN_DOCUMENTATION_COMMENTS = YES;
				CLANG_WARN_EMPTY_BODY = YES;
				CLANG_WARN_ENUM_CONVERSION = YES;
				CLANG_WARN_INFINITE_RECURSION = YES;
				CLANG_WARN_INT_CONVERSION = YES;
				CLANG_WARN_NON_LITERAL_NULL_CONVERSION = YES;
				CLANG_WARN_OBJC_IMPLICIT_RETAIN_SELF = YES;
				CLANG_WARN_OBJC_LITERAL_CONVERSION = YES;
				CLANG_WARN_OBJC_ROOT_CLASS = YES_ERROR;
				CLANG_WARN_RANGE_LOOP_ANALYSIS = YES;
				CLANG_WARN_STRICT_PROTOTYPES = YES;
				CLANG_WARN_SUSPICIOUS_MOVE = YES;
				CLANG_WARN_UNGUARDED_AVAILABILITY = YES_AGGRESSIVE;
				CLANG_WARN_UNREACHABLE_CODE = YES;
				CLANG_WARN__DUPLICATE_METHOD_MATCH = YES;
				CODE_SIGN_IDENTITY = "iPhone Developer";
				COPY_PHASE_STRIP = NO;
				DEBUG_INFORMATION_FORMAT = dwarf;
				ENABLE_STRICT_OBJC_MSGSEND = YES;
				ENABLE_TESTABILITY = YES;
				GCC_C_LANGUAGE_STANDARD = gnu11;
				GCC_DYNAMIC_NO_PIC = NO;
				GCC_NO_COMMON_BLOCKS = YES;
				GCC_OPTIMIZATION_LEVEL = 0;
				GCC_PREPROCESSOR_DEFINITIONS = (
					"DEBUG=1",
					"$(inherited)",
				);
				GCC_WARN_64_TO_32_BIT_CONVERSION = YES;
				GCC_WARN_ABOUT_RETURN_TYPE = YES_ERROR;
				GCC_WARN_UNDECLARED_SELECTOR = YES;
				GCC_WARN_UNINITIALIZED_AUTOS = YES_AGGRESSIVE;
				GCC_WARN_UNUSED_FUNCTION = YES;
				GCC_WARN_UNUSED_VARIABLE = YES;
				IPHONEOS_DEPLOYMENT_TARGET = 12.2;
				MTL_ENABLE_DEBUG_INFO = INCLUDE_SOURCE;
				MTL_FAST_MATH = YES;
				ONLY_ACTIVE_ARCH = YES;
				SDKROOT = iphoneos;
				SWIFT_ACTIVE_COMPILATION_CONDITIONS = DEBUG;
				SWIFT_OPTIMIZATION_LEVEL = "-Onone";
			};
			name = Debug;
		};
		F15429F722818FE30015ED2C /* Release */ = {
			isa = XCBuildConfiguration;
			buildSettings = {
				ALWAYS_SEARCH_USER_PATHS = NO;
				CLANG_ANALYZER_NONNULL = YES;
				CLANG_ANALYZER_NUMBER_OBJECT_CONVERSION = YES_AGGRESSIVE;
				CLANG_CXX_LANGUAGE_STANDARD = "gnu++14";
				CLANG_CXX_LIBRARY = "libc++";
				CLANG_ENABLE_MODULES = YES;
				CLANG_ENABLE_OBJC_ARC = YES;
				CLANG_ENABLE_OBJC_WEAK = YES;
				CLANG_WARN_BLOCK_CAPTURE_AUTORELEASING = YES;
				CLANG_WARN_BOOL_CONVERSION = YES;
				CLANG_WARN_COMMA = YES;
				CLANG_WARN_CONSTANT_CONVERSION = YES;
				CLANG_WARN_DEPRECATED_OBJC_IMPLEMENTATIONS = YES;
				CLANG_WARN_DIRECT_OBJC_ISA_USAGE = YES_ERROR;
				CLANG_WARN_DOCUMENTATION_COMMENTS = YES;
				CLANG_WARN_EMPTY_BODY = YES;
				CLANG_WARN_ENUM_CONVERSION = YES;
				CLANG_WARN_INFINITE_RECURSION = YES;
				CLANG_WARN_INT_CONVERSION = YES;
				CLANG_WARN_NON_LITERAL_NULL_CONVERSION = YES;
				CLANG_WARN_OBJC_IMPLICIT_RETAIN_SELF = YES;
				CLANG_WARN_OBJC_LITERAL_CONVERSION = YES;
				CLANG_WARN_OBJC_ROOT_CLASS = YES_ERROR;
				CLANG_WARN_RANGE_LOOP_ANALYSIS = YES;
				CLANG_WARN_STRICT_PROTOTYPES = YES;
				CLANG_WARN_SUSPICIOUS_MOVE = YES;
				CLANG_WARN_UNGUARDED_AVAILABILITY = YES_AGGRESSIVE;
				CLANG_WARN_UNREACHABLE_CODE = YES;
				CLANG_WARN__DUPLICATE_METHOD_MATCH = YES;
				CODE_SIGN_IDENTITY = "iPhone Developer";
				COPY_PHASE_STRIP = NO;
				DEBUG_INFORMATION_FORMAT = "dwarf-with-dsym";
				ENABLE_NS_ASSERTIONS = NO;
				ENABLE_STRICT_OBJC_MSGSEND = YES;
				GCC_C_LANGUAGE_STANDARD = gnu11;
				GCC_NO_COMMON_BLOCKS = YES;
				GCC_WARN_64_TO_32_BIT_CONVERSION = YES;
				GCC_WARN_ABOUT_RETURN_TYPE = YES_ERROR;
				GCC_WARN_UNDECLARED_SELECTOR = YES;
				GCC_WARN_UNINITIALIZED_AUTOS = YES_AGGRESSIVE;
				GCC_WARN_UNUSED_FUNCTION = YES;
				GCC_WARN_UNUSED_VARIABLE = YES;
				IPHONEOS_DEPLOYMENT_TARGET = 12.2;
				MTL_ENABLE_DEBUG_INFO = NO;
				MTL_FAST_MATH = YES;
				SDKROOT = iphoneos;
				SWIFT_COMPILATION_MODE = wholemodule;
				SWIFT_OPTIMIZATION_LEVEL = "-O";
				VALIDATE_PRODUCT = YES;
			};
			name = Release;
		};
		F15429F922818FE30015ED2C /* Debug */ = {
			isa = XCBuildConfiguration;
			buildSettings = {
				ASSETCATALOG_COMPILER_APPICON_NAME = AppIcon;
				CODE_SIGN_STYLE = Automatic;
				INFOPLIST_FILE = comp228ass/Info.plist;
				LD_RUNPATH_SEARCH_PATHS = (
					"$(inherited)",
					"@executable_path/Frameworks",
				);
				PRODUCT_BUNDLE_IDENTIFIER = ac.uk.sgzwu15.comp228ass;
				PRODUCT_NAME = "$(TARGET_NAME)";
				SWIFT_VERSION = 5.0;
				TARGETED_DEVICE_FAMILY = "1,2";
			};
			name = Debug;
		};
		F15429FA22818FE30015ED2C /* Release */ = {
			isa = XCBuildConfiguration;
			buildSettings = {
				ASSETCATALOG_COMPILER_APPICON_NAME = AppIcon;
				CODE_SIGN_STYLE = Automatic;
				INFOPLIST_FILE = comp228ass/Info.plist;
				LD_RUNPATH_SEARCH_PATHS = (
					"$(inherited)",
					"@executable_path/Frameworks",
				);
				PRODUCT_BUNDLE_IDENTIFIER = ac.uk.sgzwu15.comp228ass;
				PRODUCT_NAME = "$(TARGET_NAME)";
				SWIFT_VERSION = 5.0;
				TARGETED_DEVICE_FAMILY = "1,2";
			};
			name = Release;
		};
/* End XCBuildConfiguration section */

/* Begin XCConfigurationList section */
		F15429DE22818FE20015ED2C /* Build configuration list for PBXProject "comp228ass" */ = {
			isa = XCConfigurationList;
			buildConfigurations = (
				F15429F622818FE30015ED2C /* Debug */,
				F15429F722818FE30015ED2C /* Release */,
			);
			defaultConfigurationIsVisible = 0;
			defaultConfigurationName = Release;
		};
		F15429F822818FE30015ED2C /* Build configuration list for PBXNativeTarget "comp228ass" */ = {
			isa = XCConfigurationList;
			buildConfigurations = (
				F15429F922818FE30015ED2C /* Debug */,
				F15429FA22818FE30015ED2C /* Release */,
			);
			defaultConfigurationIsVisible = 0;
			defaultConfigurationName = Release;
		};
/* End XCConfigurationList section */

/* Begin XCVersionGroup section */
		F15429ED22818FE20015ED2C /* comp228ass.xcdatamodeld */ = {
			isa = XCVersionGroup;
			children = (
				F15429EE22818FE20015ED2C /* comp228ass.xcdatamodel */,
			);
			currentVersion = F15429EE22818FE20015ED2C /* comp228ass.xcdatamodel */;
			path = comp228ass.xcdatamodeld;
			sourceTree = "<group>";
			versionGroupType = wrapper.xcdatamodel;
		};
/* End XCVersionGroup section */
	};
	rootObject = F15429DB22818FE20015ED2C /* Project object */;
}
